Microsoft Visual Studio Solution File, Format Version 11.00
# Visual Studio 2008

Project("{B06EC709-A940-82CC-FEFD-C70047FBD6C7}") = "unity-ar-vr-gui", "Assembly-CSharp-firstpass.csproj", "{4A51BDB1-50A2-FF71-FFDD-7F2C9F6B2CFE}"
EndProject
Project("{B06EC709-A940-82CC-FEFD-C70047FBD6C7}") = "unity-ar-vr-gui", "Assembly-CSharp.csproj", "{4EFCCF62-8C24-8119-954E-E8553AAEE56A}"
EndProject
Project("{B06EC709-A940-82CC-FEFD-C70047FBD6C7}") = "unity-ar-vr-gui", "Assembly-CSharp-Editor.csproj", "{A6B8D76B-3A41-9769-61CF-9E9766BC4385}"
EndProject
Global
	GlobalSection(SolutionConfigurationPlatforms) = preSolution
		Debug|Any CPU = Debug|Any CPU
		Release|Any CPU = Release|Any CPU
	EndGlobalSection
	GlobalSection(ProjectConfigurationPlatforms) = postSolution
		{4A51BDB1-50A2-FF71-FFDD-7F2C9F6B2CFE}.Debug|Any CPU.ActiveCfg = Debug|Any CPU
		{4A51BDB1-50A2-FF71-FFDD-7F2C9F6B2CFE}.Debug|Any CPU.Build.0 = Debug|Any CPU
		{4A51BDB1-50A2-FF71-FFDD-7F2C9F6B2CFE}.Release|Any CPU.ActiveCfg = Release|Any CPU
		{4A51BDB1-50A2-FF71-FFDD-7F2C9F6B2CFE}.Release|Any CPU.Build.0 = Release|Any CPU
		{4EFCCF62-8C24-8119-954E-E8553AAEE56A}.Debug|Any CPU.ActiveCfg = Debug|Any CPU
		{4EFCCF62-8C24-8119-954E-E8553AAEE56A}.Debug|Any CPU.Build.0 = Debug|Any CPU
		{4EFCCF62-8C24-8119-954E-E8553AAEE56A}.Release|Any CPU.ActiveCfg = Release|Any CPU
		{4EFCCF62-8C24-8119-954E-E8553AAEE56A}.Release|Any CPU.Build.0 = Release|Any CPU
		{A6B8D76B-3A41-9769-61CF-9E9766BC4385}.Debug|Any CPU.ActiveCfg = Debug|Any CPU
		{A6B8D76B-3A41-9769-61CF-9E9766BC4385}.Debug|Any CPU.Build.0 = Debug|Any CPU
		{A6B8D76B-3A41-9769-61CF-9E9766BC4385}.Release|Any CPU.ActiveCfg = Release|Any CPU
		{A6B8D76B-3A41-9769-61CF-9E9766BC4385}.Release|Any CPU.Build.0 = Release|Any CPU
	EndGlobalSection
	GlobalSection(SolutionProperties) = preSolution
		HideSolutionNode = FALSE
	EndGlobalSection
	GlobalSection(MonoDevelopProperties) = preSolution
		StartupItem = Assembly-CSharp.csproj
	EndGlobalSection
EndGlobal
